
Microsoft Visual Studio Solution File, Format Version 12.00
# Visual Studio Version 16
VisualStudioVersion = 16.0.32002.261
MinimumVisualStudioVersion = 10.0.40219.1
Project("{FAE04EC0-301F-11D3-BF4B-00C04F79EFBC}") = "Module4", "Module4\Module4.csproj", "{E386785B-D313-4AC9-8C75-015BF043FA75}"
EndProject
Global
	GlobalSection(SolutionConfigurationPlatforms) = preSolution
		Debug|Any CPU = Debug|Any CPU
		Release|Any CPU = Release|Any CPU
	EndGlobalSection
	GlobalSection(ProjectConfigurationPlatforms) = postSolution
		{E386785B-D313-4AC9-8C75-015BF043FA75}.Debug|Any CPU.ActiveCfg = Debug|Any CPU
		{E386785B-D313-4AC9-8C75-015BF043FA75}.Debug|Any CPU.Build.0 = Debug|Any CPU
		{E386785B-D313-4AC9-8C75-015BF043FA75}.Release|Any CPU.ActiveCfg = Release|Any CPU
		{E386785B-D313-4AC9-8C75-015BF043FA75}.Release|Any CPU.Build.0 = Release|Any CPU
	EndGlobalSection
	GlobalSection(SolutionProperties) = preSolution
		HideSolutionNode = FALSE
	EndGlobalSection
	GlobalSection(ExtensibilityGlobals) = postSolution
		SolutionGuid = {0F59AB5D-16D2-486B-84DB-4C96A8BA0BA5}
	EndGlobalSection
EndGlobal
